
Microsoft Visual Studio Solution File, Format Version 12.00
# Visual Studio Version 16
VisualStudioVersion = 16.0.30320.27
MinimumVisualStudioVersion = 10.0.40219.1
Project("{FAE04EC0-301F-11D3-BF4B-00C04F79EFBC}") = "DemoApp", "DemoApp\DemoApp.csproj", "{9062A917-FFE8-40B8-B12B-2E8DD4B1F466}"
EndProject
Global
	GlobalSection(SolutionConfigurationPlatforms) = preSolution
		Debug|Any CPU = Debug|Any CPU
		Release|Any CPU = Release|Any CPU
	EndGlobalSection
	GlobalSection(ProjectConfigurationPlatforms) = postSolution
		{9062A917-FFE8-40B8-B12B-2E8DD4B1F466}.Debug|Any CPU.ActiveCfg = Debug|Any CPU
		{9062A917-FFE8-40B8-B12B-2E8DD4B1F466}.Debug|Any CPU.Build.0 = Debug|Any CPU
		{9062A917-FFE8-40B8-B12B-2E8DD4B1F466}.Release|Any CPU.ActiveCfg = Release|Any CPU
		{9062A917-FFE8-40B8-B12B-2E8DD4B1F466}.Release|Any CPU.Build.0 = Release|Any CPU
	EndGlobalSection
	GlobalSection(SolutionProperties) = preSolution
		HideSolutionNode = FALSE
	EndGlobalSection
	GlobalSection(ExtensibilityGlobals) = postSolution
		SolutionGuid = {FD2B8C59-4321-437D-8D1B-697949E7B639}
	EndGlobalSection
EndGlobal
